// !$*UTF8*$!
{
	archiveVersion = 1;
	classes = {
	};
	objectVersion = 50;
	objects = {

/* Begin PBXBuildFile section */
		977BD03D2501CB3200606718 /* AppDelegate.swift in Sources */ = {isa = PBXBuildFile; fileRef = 977BD03C2501CB3200606718 /* AppDelegate.swift */; };
		977BD03F2501CB3200606718 /* SceneDelegate.swift in Sources */ = {isa = PBXBuildFile; fileRef = 977BD03E2501CB3200606718 /* SceneDelegate.swift */; };
		977BD0412501CB3200606718 /* ViewController.swift in Sources */ = {isa = PBXBuildFile; fileRef = 977BD0402501CB3200606718 /* ViewController.swift */; };
		977BD0462501CB3700606718 /* Assets.xcassets in Resources */ = {isa = PBXBuildFile; fileRef = 977BD0452501CB3700606718 /* Assets.xcassets */; };
		977BD0492501CB3700606718 /* LaunchScreen.storyboard in Resources */ = {isa = PBXBuildFile; fileRef = 977BD0472501CB3700606718 /* LaunchScreen.storyboard */; };
		977BD0542501CB3700606718 /* Artspace2_0Tests.swift in Sources */ = {isa = PBXBuildFile; fileRef = 977BD0532501CB3700606718 /* Artspace2_0Tests.swift */; };
/* End PBXBuildFile section */

/* Begin PBXContainerItemProxy section */
		977BD0502501CB3700606718 /* PBXContainerItemProxy */ = {
			isa = PBXContainerItemProxy;
			containerPortal = 977BD0312501CB3200606718 /* Project object */;
			proxyType = 1;
			remoteGlobalIDString = 977BD0382501CB3200606718;
			remoteInfo = Artspace2.0;
		};
/* End PBXContainerItemProxy section */

/* Begin PBXFileReference section */
		977BD0392501CB3200606718 /* Artspace2.0.app */ = {isa = PBXFileReference; explicitFileType = wrapper.application; includeInIndex = 0; path = Artspace2.0.app; sourceTree = BUILT_PRODUCTS_DIR; };
		977BD03C2501CB3200606718 /* AppDelegate.swift */ = {isa = PBXFileReference; lastKnownFileType = sourcecode.swift; path = AppDelegate.swift; sourceTree = "<group>"; };
		977BD03E2501CB3200606718 /* SceneDelegate.swift */ = {isa = PBXFileReference; lastKnownFileType = sourcecode.swift; path = SceneDelegate.swift; sourceTree = "<group>"; };
		977BD0402501CB3200606718 /* ViewController.swift */ = {isa = PBXFileReference; lastKnownFileType = sourcecode.swift; path = ViewController.swift; sourceTree = "<group>"; };
		977BD0452501CB3700606718 /* Assets.xcassets */ = {isa = PBXFileReference; lastKnownFileType = folder.assetcatalog; path = Assets.xcassets; sourceTree = "<group>"; };
		977BD0482501CB3700606718 /* Base */ = {isa = PBXFileReference; lastKnownFileType = file.storyboard; name = Base; path = Base.lproj/LaunchScreen.storyboard; sourceTree = "<group>"; };
		977BD04A2501CB3700606718 /* Info.plist */ = {isa = PBXFileReference; lastKnownFileType = text.plist.xml; path = Info.plist; sourceTree = "<group>"; };
		977BD04F2501CB3700606718 /* Artspace2.0Tests.xctest */ = {isa = PBXFileReference; explicitFileType = wrapper.cfbundle; includeInIndex = 0; path = Artspace2.0Tests.xctest; sourceTree = BUILT_PRODUCTS_DIR; };
		977BD0532501CB3700606718 /* Artspace2_0Tests.swift */ = {isa = PBXFileReference; lastKnownFileType = sourcecode.swift; path = Artspace2_0Tests.swift; sourceTree = "<group>"; };
		977BD0552501CB3700606718 /* Info.plist */ = {isa = PBXFileReference; lastKnownFileType = text.plist.xml; path = Info.plist; sourceTree = "<group>"; };
/* End PBXFileReference section */

/* Begin PBXFrameworksBuildPhase section */
		977BD0362501CB3200606718 /* Frameworks */ = {
			isa = PBXFrameworksBuildPhase;
			buildActionMask = 2147483647;
			files = (
			);
			runOnlyForDeploymentPostprocessing = 0;
		};
		977BD04C2501CB3700606718 /* Frameworks */ = {
			isa = PBXFrameworksBuildPhase;
			buildActionMask = 2147483647;
			files = (
			);
			runOnlyForDeploymentPostprocessing = 0;
		};
/* End PBXFrameworksBuildPhase section */

/* Begin PBXGroup section */
		977BD0302501CB3200606718 = {
			isa = PBXGroup;
			children = (
				977BD03B2501CB3200606718 /* Artspace2.0 */,
				977BD0522501CB3700606718 /* Artspace2.0Tests */,
				977BD03A2501CB3200606718 /* Products */,
			);
			sourceTree = "<group>";
		};
		977BD03A2501CB3200606718 /* Products */ = {
			isa = PBXGroup;
			children = (
				977BD0392501CB3200606718 /* Artspace2.0.app */,
				977BD04F2501CB3700606718 /* Artspace2.0Tests.xctest */,
			);
			name = Products;
			sourceTree = "<group>";
		};
		977BD03B2501CB3200606718 /* Artspace2.0 */ = {
			isa = PBXGroup;
			children = (
				977BD03C2501CB3200606718 /* AppDelegate.swift */,
				977BD03E2501CB3200606718 /* SceneDelegate.swift */,
				977BD0402501CB3200606718 /* ViewController.swift */,
				977BD0452501CB3700606718 /* Assets.xcassets */,
				977BD0472501CB3700606718 /* LaunchScreen.storyboard */,
				977BD04A2501CB3700606718 /* Info.plist */,
			);
			path = Artspace2.0;
			sourceTree = "<group>";
		};
		977BD0522501CB3700606718 /* Artspace2.0Tests */ = {
			isa = PBXGroup;
			children = (
				977BD0532501CB3700606718 /* Artspace2_0Tests.swift */,
				977BD0552501CB3700606718 /* Info.plist */,
			);
			path = Artspace2.0Tests;
			sourceTree = "<group>";
		};
/* End PBXGroup section */

/* Begin PBXNativeTarget section */
		977BD0382501CB3200606718 /* Artspace2.0 */ = {
			isa = PBXNativeTarget;
			buildConfigurationList = 977BD0582501CB3700606718 /* Build configuration list for PBXNativeTarget "Artspace2.0" */;
			buildPhases = (
				977BD0352501CB3200606718 /* Sources */,
				977BD0362501CB3200606718 /* Frameworks */,
				977BD0372501CB3200606718 /* Resources */,
			);
			buildRules = (
			);
			dependencies = (
			);
			name = Artspace2.0;
			productName = Artspace2.0;
			productReference = 977BD0392501CB3200606718 /* Artspace2.0.app */;
			productType = "com.apple.product-type.application";
		};
		977BD04E2501CB3700606718 /* Artspace2.0Tests */ = {
			isa = PBXNativeTarget;
			buildConfigurationList = 977BD05B2501CB3700606718 /* Build configuration list for PBXNativeTarget "Artspace2.0Tests" */;
			buildPhases = (
				977BD04B2501CB3700606718 /* Sources */,
				977BD04C2501CB3700606718 /* Frameworks */,
				977BD04D2501CB3700606718 /* Resources */,
			);
			buildRules = (
			);
			dependencies = (
				977BD0512501CB3700606718 /* PBXTargetDependency */,
			);
			name = Artspace2.0Tests;
			productName = Artspace2.0Tests;
			productReference = 977BD04F2501CB3700606718 /* Artspace2.0Tests.xctest */;
			productType = "com.apple.product-type.bundle.unit-test";
		};
/* End PBXNativeTarget section */

/* Begin PBXProject section */
		977BD0312501CB3200606718 /* Project object */ = {
			isa = PBXProject;
			attributes = {
				LastSwiftUpdateCheck = 1160;
				LastUpgradeCheck = 1160;
				ORGANIZATIONNAME = Artspace;
				TargetAttributes = {
					977BD0382501CB3200606718 = {
						CreatedOnToolsVersion = 11.6;
					};
					977BD04E2501CB3700606718 = {
						CreatedOnToolsVersion = 11.6;
						TestTargetID = 977BD0382501CB3200606718;
					};
				};
			};
			buildConfigurationList = 977BD0342501CB3200606718 /* Build configuration list for PBXProject "Artspace2.0" */;
			compatibilityVersion = "Xcode 9.3";
			developmentRegion = en;
			hasScannedForEncodings = 0;
			knownRegions = (
				en,
				Base,
			);
			mainGroup = 977BD0302501CB3200606718;
			productRefGroup = 977BD03A2501CB3200606718 /* Products */;
			projectDirPath = "";
			projectRoot = "";
			targets = (
				977BD0382501CB3200606718 /* Artspace2.0 */,
				977BD04E2501CB3700606718 /* Artspace2.0Tests */,
			);
		};
/* End PBXProject section */

/* Begin PBXResourcesBuildPhase section */
		977BD0372501CB3200606718 /* Resources */ = {
			isa = PBXResourcesBuildPhase;
			buildActionMask = 2147483647;
			files = (
				977BD0492501CB3700606718 /* LaunchScreen.storyboard in Resources */,
				977BD0462501CB3700606718 /* Assets.xcassets in Resources */,
			);
			runOnlyForDeploymentPostprocessing = 0;
		};
		977BD04D2501CB3700606718 /* Resources */ = {
			isa = PBXResourcesBuildPhase;
			buildActionMask = 2147483647;
			files = (
			);
			runOnlyForDeploymentPostprocessing = 0;
		};
/* End PBXResourcesBuildPhase section */

/* Begin PBXSourcesBuildPhase section */
		977BD0352501CB3200606718 /* Sources */ = {
			isa = PBXSourcesBuildPhase;
			buildActionMask = 2147483647;
			files = (
				977BD0412501CB3200606718 /* ViewController.swift in Sources */,
				977BD03D2501CB3200606718 /* AppDelegate.swift in Sources */,
				977BD03F2501CB3200606718 /* SceneDelegate.swift in Sources */,
			);
			runOnlyForDeploymentPostprocessing = 0;
		};
		977BD04B2501CB3700606718 /* Sources */ = {
			isa = PBXSourcesBuildPhase;
			buildActionMask = 2147483647;
			files = (
				977BD0542501CB3700606718 /* Artspace2_0Tests.swift in Sources */,
			);
			runOnlyForDeploymentPostprocessing = 0;
		};
/* End PBXSourcesBuildPhase section */

/* Begin PBXTargetDependency section */
		977BD0512501CB3700606718 /* PBXTargetDependency */ = {
			isa = PBXTargetDependency;
			target = 977BD0382501CB3200606718 /* Artspace2.0 */;
			targetProxy = 977BD0502501CB3700606718 /* PBXContainerItemProxy */;
		};
/* End PBXTargetDependency section */

/* Begin PBXVariantGroup section */
		977BD0472501CB3700606718 /* LaunchScreen.storyboard */ = {
			isa = PBXVariantGroup;
			children = (
				977BD0482501CB3700606718 /* Base */,
			);
			name = LaunchScreen.storyboard;
			sourceTree = "<group>";
		};
/* End PBXVariantGroup section */

/* Begin XCBuildConfiguration section */
		977BD0562501CB3700606718 /* Debug */ = {
			isa = XCBuildConfiguration;
			buildSettings = {
				ALWAYS_SEARCH_USER_PATHS = NO;
				CLANG_ANALYZER_NONNULL = YES;
				CLANG_ANALYZER_NUMBER_OBJECT_CONVERSION = YES_AGGRESSIVE;
				CLANG_CXX_LANGUAGE_STANDARD = "gnu++14";
				CLANG_CXX_LIBRARY = "libc++";
				CLANG_ENABLE_MODULES = YES;
				CLANG_ENABLE_OBJC_ARC = YES;
				CLANG_ENABLE_OBJC_WEAK = YES;
				CLANG_WARN_BLOCK_CAPTURE_AUTORELEASING = YES;
				CLANG_WARN_BOOL_CONVERSION = YES;
				CLANG_WARN_COMMA = YES;
				CLANG_WARN_CONSTANT_CONVERSION = YES;
				CLANG_WARN_DEPRECATED_OBJC_IMPLEMENTATIONS = YES;
				CLANG_WARN_DIRECT_OBJC_ISA_USAGE = YES_ERROR;
				CLANG_WARN_DOCUMENTATION_COMMENTS = YES;
				CLANG_WARN_EMPTY_BODY = YES;
				CLANG_WARN_ENUM_CONVERSION = YES;
				CLANG_WARN_INFINITE_RECURSION = YES;
				CLANG_WARN_INT_CONVERSION = YES;
				CLANG_WARN_NON_LITERAL_NULL_CONVERSION = YES;
				CLANG_WARN_OBJC_IMPLICIT_RETAIN_SELF = YES;
				CLANG_WARN_OBJC_LITERAL_CONVERSION = YES;
				CLANG_WARN_OBJC_ROOT_CLASS = YES_ERROR;
				CLANG_WARN_RANGE_LOOP_ANALYSIS = YES;
				CLANG_WARN_STRICT_PROTOTYPES = YES;
				CLANG_WARN_SUSPICIOUS_MOVE = YES;
				CLANG_WARN_UNGUARDED_AVAILABILITY = YES_AGGRESSIVE;
				CLANG_WARN_UNREACHABLE_CODE = YES;
				CLANG_WARN__DUPLICATE_METHOD_MATCH = YES;
				COPY_PHASE_STRIP = NO;
				DEBUG_INFORMATION_FORMAT = dwarf;
				ENABLE_STRICT_OBJC_MSGSEND = YES;
				ENABLE_TESTABILITY = YES;
				GCC_C_LANGUAGE_STANDARD = gnu11;
				GCC_DYNAMIC_NO_PIC = NO;
				GCC_NO_COMMON_BLOCKS = YES;
				GCC_OPTIMIZATION_LEVEL = 0;
				GCC_PREPROCESSOR_DEFINITIONS = (
					"DEBUG=1",
					"$(inherited)",
				);
				GCC_WARN_64_TO_32_BIT_CONVERSION = YES;
				GCC_WARN_ABOUT_RETURN_TYPE = YES_ERROR;
				GCC_WARN_UNDECLARED_SELECTOR = YES;
				GCC_WARN_UNINITIALIZED_AUTOS = YES_AGGRESSIVE;
				GCC_WARN_UNUSED_FUNCTION = YES;
				GCC_WARN_UNUSED_VARIABLE = YES;
				IPHONEOS_DEPLOYMENT_TARGET = 13.6;
				MTL_ENABLE_DEBUG_INFO = INCLUDE_SOURCE;
				MTL_FAST_MATH = YES;
				ONLY_ACTIVE_ARCH = YES;
				SDKROOT = iphoneos;
				SWIFT_ACTIVE_COMPILATION_CONDITIONS = DEBUG;
				SWIFT_OPTIMIZATION_LEVEL = "-Onone";
			};
			name = Debug;
		};
		977BD0572501CB3700606718 /* Release */ = {
			isa = XCBuildConfiguration;
			buildSettings = {
				ALWAYS_SEARCH_USER_PATHS = NO;
				CLANG_ANALYZER_NONNULL = YES;
				CLANG_ANALYZER_NUMBER_OBJECT_CONVERSION = YES_AGGRESSIVE;
				CLANG_CXX_LANGUAGE_STANDARD = "gnu++14";
				CLANG_CXX_LIBRARY = "libc++";
				CLANG_ENABLE_MODULES = YES;
				CLANG_ENABLE_OBJC_ARC = YES;
				CLANG_ENABLE_OBJC_WEAK = YES;
				CLANG_WARN_BLOCK_CAPTURE_AUTORELEASING = YES;
				CLANG_WARN_BOOL_CONVERSION = YES;
				CLANG_WARN_COMMA = YES;
				CLANG_WARN_CONSTANT_CONVERSION = YES;
				CLANG_WARN_DEPRECATED_OBJC_IMPLEMENTATIONS = YES;
				CLANG_WARN_DIRECT_OBJC_ISA_USAGE = YES_ERROR;
				CLANG_WARN_DOCUMENTATION_COMMENTS = YES;
				CLANG_WARN_EMPTY_BODY = YES;
				CLANG_WARN_ENUM_CONVERSION = YES;
				CLANG_WARN_INFINITE_RECURSION = YES;
				CLANG_WARN_INT_CONVERSION = YES;
				CLANG_WARN_NON_LITERAL_NULL_CONVERSION = YES;
				CLANG_WARN_OBJC_IMPLICIT_RETAIN_SELF = YES;
				CLANG_WARN_OBJC_LITERAL_CONVERSION = YES;
				CLANG_WARN_OBJC_ROOT_CLASS = YES_ERROR;
				CLANG_WARN_RANGE_LOOP_ANALYSIS = YES;
				CLANG_WARN_STRICT_PROTOTYPES = YES;
				CLANG_WARN_SUSPICIOUS_MOVE = YES;
				CLANG_WARN_UNGUARDED_AVAILABILITY = YES_AGGRESSIVE;
				CLANG_WARN_UNREACHABLE_CODE = YES;
				CLANG_WARN__DUPLICATE_METHOD_MATCH = YES;
				COPY_PHASE_STRIP = NO;
				DEBUG_INFORMATION_FORMAT = "dwarf-with-dsym";
				ENABLE_NS_ASSERTIONS = NO;
				ENABLE_STRICT_OBJC_MSGSEND = YES;
				GCC_C_LANGUAGE_STANDARD = gnu11;
				GCC_NO_COMMON_BLOCKS = YES;
				GCC_WARN_64_TO_32_BIT_CONVERSION = YES;
				GCC_WARN_ABOUT_RETURN_TYPE = YES_ERROR;
				GCC_WARN_UNDECLARED_SELECTOR = YES;
				GCC_WARN_UNINITIALIZED_AUTOS = YES_AGGRESSIVE;
				GCC_WARN_UNUSED_FUNCTION = YES;
				GCC_WARN_UNUSED_VARIABLE = YES;
				IPHONEOS_DEPLOYMENT_TARGET = 13.6;
				MTL_ENABLE_DEBUG_INFO = NO;
				MTL_FAST_MATH = YES;
				SDKROOT = iphoneos;
				SWIFT_COMPILATION_MODE = wholemodule;
				SWIFT_OPTIMIZATION_LEVEL = "-O";
				VALIDATE_PRODUCT = YES;
			};
			name = Release;
		};
		977BD0592501CB3700606718 /* Debug */ = {
			isa = XCBuildConfiguration;
			buildSettings = {
				ASSETCATALOG_COMPILER_APPICON_NAME = AppIcon;
				CODE_SIGN_STYLE = Automatic;
				INFOPLIST_FILE = Artspace2.0/Info.plist;
				LD_RUNPATH_SEARCH_PATHS = (
					"$(inherited)",
					"@executable_path/Frameworks",
				);
				PRODUCT_BUNDLE_IDENTIFIER = "Artspace.Artspace2-0";
				PRODUCT_NAME = "$(TARGET_NAME)";
				SWIFT_VERSION = 5.0;
				TARGETED_DEVICE_FAMILY = "1,2";
			};
			name = Debug;
		};
		977BD05A2501CB3700606718 /* Release */ = {
			isa = XCBuildConfiguration;
			buildSettings = {
				ASSETCATALOG_COMPILER_APPICON_NAME = AppIcon;
				CODE_SIGN_STYLE = Automatic;
				INFOPLIST_FILE = Artspace2.0/Info.plist;
				LD_RUNPATH_SEARCH_PATHS = (
					"$(inherited)",
					"@executable_path/Frameworks",
				);
				PRODUCT_BUNDLE_IDENTIFIER = "Artspace.Artspace2-0";
				PRODUCT_NAME = "$(TARGET_NAME)";
				SWIFT_VERSION = 5.0;
				TARGETED_DEVICE_FAMILY = "1,2";
			};
			name = Release;
		};
		977BD05C2501CB3700606718 /* Debug */ = {
			isa = XCBuildConfiguration;
			buildSettings = {
				ALWAYS_EMBED_SWIFT_STANDARD_LIBRARIES = YES;
				BUNDLE_LOADER = "$(TEST_HOST)";
				CODE_SIGN_STYLE = Automatic;
				INFOPLIST_FILE = Artspace2.0Tests/Info.plist;
				IPHONEOS_DEPLOYMENT_TARGET = 13.6;
				LD_RUNPATH_SEARCH_PATHS = (
					"$(inherited)",
					"@executable_path/Frameworks",
					"@loader_path/Frameworks",
				);
				PRODUCT_BUNDLE_IDENTIFIER = "Artspace.Artspace2-0Tests";
				PRODUCT_NAME = "$(TARGET_NAME)";
				SWIFT_VERSION = 5.0;
				TARGETED_DEVICE_FAMILY = "1,2";
				TEST_HOST = "$(BUILT_PRODUCTS_DIR)/Artspace2.0.app/Artspace2.0";
			};
			name = Debug;
		};
		977BD05D2501CB3700606718 /* Release */ = {
			isa = XCBuildConfiguration;
			buildSettings = {
				ALWAYS_EMBED_SWIFT_STANDARD_LIBRARIES = YES;
				BUNDLE_LOADER = "$(TEST_HOST)";
				CODE_SIGN_STYLE = Automatic;
				INFOPLIST_FILE = Artspace2.0Tests/Info.plist;
				IPHONEOS_DEPLOYMENT_TARGET = 13.6;
				LD_RUNPATH_SEARCH_PATHS = (
					"$(inherited)",
					"@executable_path/Frameworks",
					"@loader_path/Frameworks",
				);
				PRODUCT_BUNDLE_IDENTIFIER = "Artspace.Artspace2-0Tests";
				PRODUCT_NAME = "$(TARGET_NAME)";
				SWIFT_VERSION = 5.0;
				TARGETED_DEVICE_FAMILY = "1,2";
				TEST_HOST = "$(BUILT_PRODUCTS_DIR)/Artspace2.0.app/Artspace2.0";
			};
			name = Release;
		};
/* End XCBuildConfiguration section */

/* Begin XCConfigurationList section */
		977BD0342501CB3200606718 /* Build configuration list for PBXProject "Artspace2.0" */ = {
			isa = XCConfigurationList;
			buildConfigurations = (
				977BD0562501CB3700606718 /* Debug */,
				977BD0572501CB3700606718 /* Release */,
			);
			defaultConfigurationIsVisible = 0;
			defaultConfigurationName = Release;
		};
		977BD0582501CB3700606718 /* Build configuration list for PBXNativeTarget "Artspace2.0" */ = {
			isa = XCConfigurationList;
			buildConfigurations = (
				977BD0592501CB3700606718 /* Debug */,
				977BD05A2501CB3700606718 /* Release */,
			);
			defaultConfigurationIsVisible = 0;
			defaultConfigurationName = Release;
		};
		977BD05B2501CB3700606718 /* Build configuration list for PBXNativeTarget "Artspace2.0Tests" */ = {
			isa = XCConfigurationList;
			buildConfigurations = (
				977BD05C2501CB3700606718 /* Debug */,
				977BD05D2501CB3700606718 /* Release */,
			);
			defaultConfigurationIsVisible = 0;
			defaultConfigurationName = Release;
		};
/* End XCConfigurationList section */
	};
	rootObject = 977BD0312501CB3200606718 /* Project object */;
}
