// !$*UTF8*$!
{
	archiveVersion = 1;
	classes = {
	};
	objectVersion = 51;
	objects = {

/* Begin PBXBuildFile section */
		6B2D6AFD2501E6300067241B /* GoogleService-Info.plist in Resources */ = {isa = PBXBuildFile; fileRef = 6B2D6AFC2501E6300067241B /* GoogleService-Info.plist */; };
		6B2D6B01250292C60067241B /* HomeViewController.swift in Sources */ = {isa = PBXBuildFile; fileRef = 6B2D6B00250292C60067241B /* HomeViewController.swift */; };
		6B2D6B03250292F90067241B /* uploadImageViewController.swift in Sources */ = {isa = PBXBuildFile; fileRef = 6B2D6B02250292F90067241B /* uploadImageViewController.swift */; };
		6B2D6B05250293170067241B /* SavedViewController.swift in Sources */ = {isa = PBXBuildFile; fileRef = 6B2D6B04250293170067241B /* SavedViewController.swift */; };
		6B2D6B072502939C0067241B /* profileViewController.swift in Sources */ = {isa = PBXBuildFile; fileRef = 6B2D6B062502939B0067241B /* profileViewController.swift */; };
		6B2D6B09250294810067241B /* TabViewController.swift in Sources */ = {isa = PBXBuildFile; fileRef = 6B2D6B08250294810067241B /* TabViewController.swift */; };
		6B2D6B0B2507F6AE0067241B /* DetailViewController.swift in Sources */ = {isa = PBXBuildFile; fileRef = 6B2D6B0A2507F6AE0067241B /* DetailViewController.swift */; };
		853926668EBED231521CC5E1 /* Pods_Artspace2_0Tests.framework in Frameworks */ = {isa = PBXBuildFile; fileRef = 6BF2569DCC08D131953C857A /* Pods_Artspace2_0Tests.framework */; };
		977BD03D2501CB3200606718 /* AppDelegate.swift in Sources */ = {isa = PBXBuildFile; fileRef = 977BD03C2501CB3200606718 /* AppDelegate.swift */; };
		977BD03F2501CB3200606718 /* SceneDelegate.swift in Sources */ = {isa = PBXBuildFile; fileRef = 977BD03E2501CB3200606718 /* SceneDelegate.swift */; };
		977BD0412501CB3200606718 /* ViewController.swift in Sources */ = {isa = PBXBuildFile; fileRef = 977BD0402501CB3200606718 /* ViewController.swift */; };
		977BD0462501CB3700606718 /* Assets.xcassets in Resources */ = {isa = PBXBuildFile; fileRef = 977BD0452501CB3700606718 /* Assets.xcassets */; };
		977BD0492501CB3700606718 /* LaunchScreen.storyboard in Resources */ = {isa = PBXBuildFile; fileRef = 977BD0472501CB3700606718 /* LaunchScreen.storyboard */; };
		977BD0542501CB3700606718 /* Artspace2_0Tests.swift in Sources */ = {isa = PBXBuildFile; fileRef = 977BD0532501CB3700606718 /* Artspace2_0Tests.swift */; };
		F24D92B6575F513CD9C02239 /* Pods_Artspace2_0.framework in Frameworks */ = {isa = PBXBuildFile; fileRef = C9A69B70FDEADF0A8E8C3D0F /* Pods_Artspace2_0.framework */; };
/* End PBXBuildFile section */

/* Begin PBXContainerItemProxy section */
		977BD0502501CB3700606718 /* PBXContainerItemProxy */ = {
			isa = PBXContainerItemProxy;
			containerPortal = 977BD0312501CB3200606718 /* Project object */;
			proxyType = 1;
			remoteGlobalIDString = 977BD0382501CB3200606718;
			remoteInfo = Artspace2.0;
		};
/* End PBXContainerItemProxy section */

/* Begin PBXFileReference section */
		214104C7D16039A9A2D91BB0 /* Pods-Artspace2.0Tests.release.xcconfig */ = {isa = PBXFileReference; includeInIndex = 1; lastKnownFileType = text.xcconfig; name = "Pods-Artspace2.0Tests.release.xcconfig"; path = "Target Support Files/Pods-Artspace2.0Tests/Pods-Artspace2.0Tests.release.xcconfig"; sourceTree = "<group>"; };
		31F240CE9AD653612381DFBB /* Pods-Artspace2.0.debug.xcconfig */ = {isa = PBXFileReference; includeInIndex = 1; lastKnownFileType = text.xcconfig; name = "Pods-Artspace2.0.debug.xcconfig"; path = "Target Support Files/Pods-Artspace2.0/Pods-Artspace2.0.debug.xcconfig"; sourceTree = "<group>"; };
		583C297EC3CA664D207B01FB /* Pods-Artspace2.0.release.xcconfig */ = {isa = PBXFileReference; includeInIndex = 1; lastKnownFileType = text.xcconfig; name = "Pods-Artspace2.0.release.xcconfig"; path = "Target Support Files/Pods-Artspace2.0/Pods-Artspace2.0.release.xcconfig"; sourceTree = "<group>"; };
		6B2D6AFC2501E6300067241B /* GoogleService-Info.plist */ = {isa = PBXFileReference; fileEncoding = 4; lastKnownFileType = text.plist.xml; name = "GoogleService-Info.plist"; path = "../../../../Downloads/GoogleService-Info.plist"; sourceTree = "<group>"; };
		6B2D6B00250292C60067241B /* HomeViewController.swift */ = {isa = PBXFileReference; lastKnownFileType = sourcecode.swift; path = HomeViewController.swift; sourceTree = "<group>"; };
		6B2D6B02250292F90067241B /* uploadImageViewController.swift */ = {isa = PBXFileReference; lastKnownFileType = sourcecode.swift; path = uploadImageViewController.swift; sourceTree = "<group>"; };
		6B2D6B04250293170067241B /* SavedViewController.swift */ = {isa = PBXFileReference; lastKnownFileType = sourcecode.swift; path = SavedViewController.swift; sourceTree = "<group>"; };
		6B2D6B062502939B0067241B /* profileViewController.swift */ = {isa = PBXFileReference; lastKnownFileType = sourcecode.swift; path = profileViewController.swift; sourceTree = "<group>"; };
		6B2D6B08250294810067241B /* TabViewController.swift */ = {isa = PBXFileReference; lastKnownFileType = sourcecode.swift; path = TabViewController.swift; sourceTree = "<group>"; };
		6B2D6B0A2507F6AE0067241B /* DetailViewController.swift */ = {isa = PBXFileReference; lastKnownFileType = sourcecode.swift; path = DetailViewController.swift; sourceTree = "<group>"; };
		6BF2569DCC08D131953C857A /* Pods_Artspace2_0Tests.framework */ = {isa = PBXFileReference; explicitFileType = wrapper.framework; includeInIndex = 0; path = Pods_Artspace2_0Tests.framework; sourceTree = BUILT_PRODUCTS_DIR; };
		977BD0392501CB3200606718 /* Artspace2.0.app */ = {isa = PBXFileReference; explicitFileType = wrapper.application; includeInIndex = 0; path = Artspace2.0.app; sourceTree = BUILT_PRODUCTS_DIR; };
		977BD03C2501CB3200606718 /* AppDelegate.swift */ = {isa = PBXFileReference; lastKnownFileType = sourcecode.swift; path = AppDelegate.swift; sourceTree = "<group>"; };
		977BD03E2501CB3200606718 /* SceneDelegate.swift */ = {isa = PBXFileReference; lastKnownFileType = sourcecode.swift; path = SceneDelegate.swift; sourceTree = "<group>"; };
		977BD0402501CB3200606718 /* ViewController.swift */ = {isa = PBXFileReference; lastKnownFileType = sourcecode.swift; path = ViewController.swift; sourceTree = "<group>"; };
		977BD0452501CB3700606718 /* Assets.xcassets */ = {isa = PBXFileReference; lastKnownFileType = folder.assetcatalog; path = Assets.xcassets; sourceTree = "<group>"; };
		977BD0482501CB3700606718 /* Base */ = {isa = PBXFileReference; lastKnownFileType = file.storyboard; name = Base; path = Base.lproj/LaunchScreen.storyboard; sourceTree = "<group>"; };
		977BD04A2501CB3700606718 /* Info.plist */ = {isa = PBXFileReference; lastKnownFileType = text.plist.xml; path = Info.plist; sourceTree = "<group>"; };
		977BD04F2501CB3700606718 /* Artspace2.0Tests.xctest */ = {isa = PBXFileReference; explicitFileType = wrapper.cfbundle; includeInIndex = 0; path = Artspace2.0Tests.xctest; sourceTree = BUILT_PRODUCTS_DIR; };
		977BD0532501CB3700606718 /* Artspace2_0Tests.swift */ = {isa = PBXFileReference; lastKnownFileType = sourcecode.swift; path = Artspace2_0Tests.swift; sourceTree = "<group>"; };
		977BD0552501CB3700606718 /* Info.plist */ = {isa = PBXFileReference; lastKnownFileType = text.plist.xml; path = Info.plist; sourceTree = "<group>"; };
		C9A69B70FDEADF0A8E8C3D0F /* Pods_Artspace2_0.framework */ = {isa = PBXFileReference; explicitFileType = wrapper.framework; includeInIndex = 0; path = Pods_Artspace2_0.framework; sourceTree = BUILT_PRODUCTS_DIR; };
		FEC36722D333C457C94B0E2D /* Pods-Artspace2.0Tests.debug.xcconfig */ = {isa = PBXFileReference; includeInIndex = 1; lastKnownFileType = text.xcconfig; name = "Pods-Artspace2.0Tests.debug.xcconfig"; path = "Target Support Files/Pods-Artspace2.0Tests/Pods-Artspace2.0Tests.debug.xcconfig"; sourceTree = "<group>"; };
/* End PBXFileReference section */

/* Begin PBXFrameworksBuildPhase section */
		977BD0362501CB3200606718 /* Frameworks */ = {
			isa = PBXFrameworksBuildPhase;
			buildActionMask = 2147483647;
			files = (
				F24D92B6575F513CD9C02239 /* Pods_Artspace2_0.framework in Frameworks */,
			);
			runOnlyForDeploymentPostprocessing = 0;
		};
		977BD04C2501CB3700606718 /* Frameworks */ = {
			isa = PBXFrameworksBuildPhase;
			buildActionMask = 2147483647;
			files = (
				853926668EBED231521CC5E1 /* Pods_Artspace2_0Tests.framework in Frameworks */,
			);
			runOnlyForDeploymentPostprocessing = 0;
		};
/* End PBXFrameworksBuildPhase section */

/* Begin PBXGroup section */
		6B2D6AFF250292A30067241B /* ViewControllers */ = {
			isa = PBXGroup;
			children = (
				6B2D6B00250292C60067241B /* HomeViewController.swift */,
				6B2D6B02250292F90067241B /* uploadImageViewController.swift */,
				6B2D6B04250293170067241B /* SavedViewController.swift */,
				6B2D6B062502939B0067241B /* profileViewController.swift */,
				6B2D6B08250294810067241B /* TabViewController.swift */,
				6B2D6B0A2507F6AE0067241B /* DetailViewController.swift */,
			);
			path = ViewControllers;
			sourceTree = "<group>";
		};
		8E17C2BE5D0D363F6D3EAC60 /* Frameworks */ = {
			isa = PBXGroup;
			children = (
				C9A69B70FDEADF0A8E8C3D0F /* Pods_Artspace2_0.framework */,
				6BF2569DCC08D131953C857A /* Pods_Artspace2_0Tests.framework */,
			);
			name = Frameworks;
			sourceTree = "<group>";
		};
		9270BCE6A4F2F532B41051E6 /* Pods */ = {
			isa = PBXGroup;
			children = (
				31F240CE9AD653612381DFBB /* Pods-Artspace2.0.debug.xcconfig */,
				583C297EC3CA664D207B01FB /* Pods-Artspace2.0.release.xcconfig */,
				FEC36722D333C457C94B0E2D /* Pods-Artspace2.0Tests.debug.xcconfig */,
				214104C7D16039A9A2D91BB0 /* Pods-Artspace2.0Tests.release.xcconfig */,
			);
			path = Pods;
			sourceTree = "<group>";
		};
		977BD0302501CB3200606718 = {
			isa = PBXGroup;
			children = (
				6B2D6AFF250292A30067241B /* ViewControllers */,
				977BD03B2501CB3200606718 /* Artspace2.0 */,
				977BD0522501CB3700606718 /* Artspace2.0Tests */,
				977BD03A2501CB3200606718 /* Products */,
				9270BCE6A4F2F532B41051E6 /* Pods */,
				8E17C2BE5D0D363F6D3EAC60 /* Frameworks */,
			);
			sourceTree = "<group>";
		};
		977BD03A2501CB3200606718 /* Products */ = {
			isa = PBXGroup;
			children = (
				977BD0392501CB3200606718 /* Artspace2.0.app */,
				977BD04F2501CB3700606718 /* Artspace2.0Tests.xctest */,
			);
			name = Products;
			sourceTree = "<group>";
		};
		977BD03B2501CB3200606718 /* Artspace2.0 */ = {
			isa = PBXGroup;
			children = (
				977BD03C2501CB3200606718 /* AppDelegate.swift */,
				977BD03E2501CB3200606718 /* SceneDelegate.swift */,
				977BD0402501CB3200606718 /* ViewController.swift */,
				977BD0452501CB3700606718 /* Assets.xcassets */,
				977BD0472501CB3700606718 /* LaunchScreen.storyboard */,
				977BD04A2501CB3700606718 /* Info.plist */,
				6B2D6AFC2501E6300067241B /* GoogleService-Info.plist */,
			);
			path = Artspace2.0;
			sourceTree = "<group>";
		};
		977BD0522501CB3700606718 /* Artspace2.0Tests */ = {
			isa = PBXGroup;
			children = (
				977BD0532501CB3700606718 /* Artspace2_0Tests.swift */,
				977BD0552501CB3700606718 /* Info.plist */,
			);
			path = Artspace2.0Tests;
			sourceTree = "<group>";
		};
/* End PBXGroup section */

/* Begin PBXNativeTarget section */
		977BD0382501CB3200606718 /* Artspace2.0 */ = {
			isa = PBXNativeTarget;
			buildConfigurationList = 977BD0582501CB3700606718 /* Build configuration list for PBXNativeTarget "Artspace2.0" */;
			buildPhases = (
				53111D49A02903C3D52C464A /* [CP] Check Pods Manifest.lock */,
				977BD0352501CB3200606718 /* Sources */,
				977BD0362501CB3200606718 /* Frameworks */,
				977BD0372501CB3200606718 /* Resources */,
				99FAF1F6674F4321CE0EB3F8 /* [CP] Embed Pods Frameworks */,
			);
			buildRules = (
			);
			dependencies = (
			);
			name = Artspace2.0;
			productName = Artspace2.0;
			productReference = 977BD0392501CB3200606718 /* Artspace2.0.app */;
			productType = "com.apple.product-type.application";
		};
		977BD04E2501CB3700606718 /* Artspace2.0Tests */ = {
			isa = PBXNativeTarget;
			buildConfigurationList = 977BD05B2501CB3700606718 /* Build configuration list for PBXNativeTarget "Artspace2.0Tests" */;
			buildPhases = (
				A0607761731A090FDB3F347B /* [CP] Check Pods Manifest.lock */,
				977BD04B2501CB3700606718 /* Sources */,
				977BD04C2501CB3700606718 /* Frameworks */,
				977BD04D2501CB3700606718 /* Resources */,
			);
			buildRules = (
			);
			dependencies = (
				977BD0512501CB3700606718 /* PBXTargetDependency */,
			);
			name = Artspace2.0Tests;
			productName = Artspace2.0Tests;
			productReference = 977BD04F2501CB3700606718 /* Artspace2.0Tests.xctest */;
			productType = "com.apple.product-type.bundle.unit-test";
		};
/* End PBXNativeTarget section */

/* Begin PBXProject section */
		977BD0312501CB3200606718 /* Project object */ = {
			isa = PBXProject;
			attributes = {
				LastSwiftUpdateCheck = 1160;
				LastUpgradeCheck = 1160;
				ORGANIZATIONNAME = Artspace;
				TargetAttributes = {
					977BD0382501CB3200606718 = {
						CreatedOnToolsVersion = 11.6;
					};
					977BD04E2501CB3700606718 = {
						CreatedOnToolsVersion = 11.6;
						TestTargetID = 977BD0382501CB3200606718;
					};
				};
			};
			buildConfigurationList = 977BD0342501CB3200606718 /* Build configuration list for PBXProject "Artspace2.0" */;
			compatibilityVersion = "Xcode 9.3";
			developmentRegion = en;
			hasScannedForEncodings = 0;
			knownRegions = (
				en,
				Base,
			);
			mainGroup = 977BD0302501CB3200606718;
			productRefGroup = 977BD03A2501CB3200606718 /* Products */;
			projectDirPath = "";
			projectRoot = "";
			targets = (
				977BD0382501CB3200606718 /* Artspace2.0 */,
				977BD04E2501CB3700606718 /* Artspace2.0Tests */,
			);
		};
/* End PBXProject section */

/* Begin PBXResourcesBuildPhase section */
		977BD0372501CB3200606718 /* Resources */ = {
			isa = PBXResourcesBuildPhase;
			buildActionMask = 2147483647;
			files = (
				977BD0492501CB3700606718 /* LaunchScreen.storyboard in Resources */,
				977BD0462501CB3700606718 /* Assets.xcassets in Resources */,
				6B2D6AFD2501E6300067241B /* GoogleService-Info.plist in Resources */,
			);
			runOnlyForDeploymentPostprocessing = 0;
		};
		977BD04D2501CB3700606718 /* Resources */ = {
			isa = PBXResourcesBuildPhase;
			buildActionMask = 2147483647;
			files = (
			);
			runOnlyForDeploymentPostprocessing = 0;
		};
/* End PBXResourcesBuildPhase section */

/* Begin PBXShellScriptBuildPhase section */
		53111D49A02903C3D52C464A /* [CP] Check Pods Manifest.lock */ = {
			isa = PBXShellScriptBuildPhase;
			buildActionMask = 2147483647;
			files = (
			);
			inputFileListPaths = (
			);
			inputPaths = (
				"${PODS_PODFILE_DIR_PATH}/Podfile.lock",
				"${PODS_ROOT}/Manifest.lock",
			);
			name = "[CP] Check Pods Manifest.lock";
			outputFileListPaths = (
			);
			outputPaths = (
				"$(DERIVED_FILE_DIR)/Pods-Artspace2.0-checkManifestLockResult.txt",
			);
			runOnlyForDeploymentPostprocessing = 0;
			shellPath = /bin/sh;
			shellScript = "diff \"${PODS_PODFILE_DIR_PATH}/Podfile.lock\" \"${PODS_ROOT}/Manifest.lock\" > /dev/null\nif [ $? != 0 ] ; then\n    # print error to STDERR\n    echo \"error: The sandbox is not in sync with the Podfile.lock. Run 'pod install' or update your CocoaPods installation.\" >&2\n    exit 1\nfi\n# This output is used by Xcode 'outputs' to avoid re-running this script phase.\necho \"SUCCESS\" > \"${SCRIPT_OUTPUT_FILE_0}\"\n";
			showEnvVarsInLog = 0;
		};
		99FAF1F6674F4321CE0EB3F8 /* [CP] Embed Pods Frameworks */ = {
			isa = PBXShellScriptBuildPhase;
			buildActionMask = 2147483647;
			files = (
			);
			inputFileListPaths = (
				"${PODS_ROOT}/Target Support Files/Pods-Artspace2.0/Pods-Artspace2.0-frameworks-${CONFIGURATION}-input-files.xcfilelist",
			);
			name = "[CP] Embed Pods Frameworks";
			outputFileListPaths = (
				"${PODS_ROOT}/Target Support Files/Pods-Artspace2.0/Pods-Artspace2.0-frameworks-${CONFIGURATION}-output-files.xcfilelist",
			);
			runOnlyForDeploymentPostprocessing = 0;
			shellPath = /bin/sh;
			shellScript = "\"${PODS_ROOT}/Target Support Files/Pods-Artspace2.0/Pods-Artspace2.0-frameworks.sh\"\n";
			showEnvVarsInLog = 0;
		};
		A0607761731A090FDB3F347B /* [CP] Check Pods Manifest.lock */ = {
			isa = PBXShellScriptBuildPhase;
			buildActionMask = 2147483647;
			files = (
			);
			inputFileListPaths = (
			);
			inputPaths = (
				"${PODS_PODFILE_DIR_PATH}/Podfile.lock",
				"${PODS_ROOT}/Manifest.lock",
			);
			name = "[CP] Check Pods Manifest.lock";
			outputFileListPaths = (
			);
			outputPaths = (
				"$(DERIVED_FILE_DIR)/Pods-Artspace2.0Tests-checkManifestLockResult.txt",
			);
			runOnlyForDeploymentPostprocessing = 0;
			shellPath = /bin/sh;
			shellScript = "diff \"${PODS_PODFILE_DIR_PATH}/Podfile.lock\" \"${PODS_ROOT}/Manifest.lock\" > /dev/null\nif [ $? != 0 ] ; then\n    # print error to STDERR\n    echo \"error: The sandbox is not in sync with the Podfile.lock. Run 'pod install' or update your CocoaPods installation.\" >&2\n    exit 1\nfi\n# This output is used by Xcode 'outputs' to avoid re-running this script phase.\necho \"SUCCESS\" > \"${SCRIPT_OUTPUT_FILE_0}\"\n";
			showEnvVarsInLog = 0;
		};
/* End PBXShellScriptBuildPhase section */

/* Begin PBXSourcesBuildPhase section */
		977BD0352501CB3200606718 /* Sources */ = {
			isa = PBXSourcesBuildPhase;
			buildActionMask = 2147483647;
			files = (
				6B2D6B0B2507F6AE0067241B /* DetailViewController.swift in Sources */,
				6B2D6B09250294810067241B /* TabViewController.swift in Sources */,
				6B2D6B05250293170067241B /* SavedViewController.swift in Sources */,
				977BD0412501CB3200606718 /* ViewController.swift in Sources */,
				6B2D6B072502939C0067241B /* profileViewController.swift in Sources */,
				977BD03D2501CB3200606718 /* AppDelegate.swift in Sources */,
				977BD03F2501CB3200606718 /* SceneDelegate.swift in Sources */,
				6B2D6B01250292C60067241B /* HomeViewController.swift in Sources */,
				6B2D6B03250292F90067241B /* uploadImageViewController.swift in Sources */,
			);
			runOnlyForDeploymentPostprocessing = 0;
		};
		977BD04B2501CB3700606718 /* Sources */ = {
			isa = PBXSourcesBuildPhase;
			buildActionMask = 2147483647;
			files = (
				977BD0542501CB3700606718 /* Artspace2_0Tests.swift in Sources */,
			);
			runOnlyForDeploymentPostprocessing = 0;
		};
/* End PBXSourcesBuildPhase section */

/* Begin PBXTargetDependency section */
		977BD0512501CB3700606718 /* PBXTargetDependency */ = {
			isa = PBXTargetDependency;
			target = 977BD0382501CB3200606718 /* Artspace2.0 */;
			targetProxy = 977BD0502501CB3700606718 /* PBXContainerItemProxy */;
		};
/* End PBXTargetDependency section */

/* Begin PBXVariantGroup section */
		977BD0472501CB3700606718 /* LaunchScreen.storyboard */ = {
			isa = PBXVariantGroup;
			children = (
				977BD0482501CB3700606718 /* Base */,
			);
			name = LaunchScreen.storyboard;
			sourceTree = "<group>";
		};
/* End PBXVariantGroup section */

/* Begin XCBuildConfiguration section */
		977BD0562501CB3700606718 /* Debug */ = {
			isa = XCBuildConfiguration;
			buildSettings = {
				ALWAYS_SEARCH_USER_PATHS = NO;
				CLANG_ANALYZER_NONNULL = YES;
				CLANG_ANALYZER_NUMBER_OBJECT_CONVERSION = YES_AGGRESSIVE;
				CLANG_CXX_LANGUAGE_STANDARD = "gnu++14";
				CLANG_CXX_LIBRARY = "libc++";
				CLANG_ENABLE_MODULES = YES;
				CLANG_ENABLE_OBJC_ARC = YES;
				CLANG_ENABLE_OBJC_WEAK = YES;
				CLANG_WARN_BLOCK_CAPTURE_AUTORELEASING = YES;
				CLANG_WARN_BOOL_CONVERSION = YES;
				CLANG_WARN_COMMA = YES;
				CLANG_WARN_CONSTANT_CONVERSION = YES;
				CLANG_WARN_DEPRECATED_OBJC_IMPLEMENTATIONS = YES;
				CLANG_WARN_DIRECT_OBJC_ISA_USAGE = YES_ERROR;
				CLANG_WARN_DOCUMENTATION_COMMENTS = YES;
				CLANG_WARN_EMPTY_BODY = YES;
				CLANG_WARN_ENUM_CONVERSION = YES;
				CLANG_WARN_INFINITE_RECURSION = YES;
				CLANG_WARN_INT_CONVERSION = YES;
				CLANG_WARN_NON_LITERAL_NULL_CONVERSION = YES;
				CLANG_WARN_OBJC_IMPLICIT_RETAIN_SELF = YES;
				CLANG_WARN_OBJC_LITERAL_CONVERSION = YES;
				CLANG_WARN_OBJC_ROOT_CLASS = YES_ERROR;
				CLANG_WARN_RANGE_LOOP_ANALYSIS = YES;
				CLANG_WARN_STRICT_PROTOTYPES = YES;
				CLANG_WARN_SUSPICIOUS_MOVE = YES;
				CLANG_WARN_UNGUARDED_AVAILABILITY = YES_AGGRESSIVE;
				CLANG_WARN_UNREACHABLE_CODE = YES;
				CLANG_WARN__DUPLICATE_METHOD_MATCH = YES;
				COPY_PHASE_STRIP = NO;
				DEBUG_INFORMATION_FORMAT = dwarf;
				ENABLE_STRICT_OBJC_MSGSEND = YES;
				ENABLE_TESTABILITY = YES;
				GCC_C_LANGUAGE_STANDARD = gnu11;
				GCC_DYNAMIC_NO_PIC = NO;
				GCC_NO_COMMON_BLOCKS = YES;
				GCC_OPTIMIZATION_LEVEL = 0;
				GCC_PREPROCESSOR_DEFINITIONS = (
					"DEBUG=1",
					"$(inherited)",
				);
				GCC_WARN_64_TO_32_BIT_CONVERSION = YES;
				GCC_WARN_ABOUT_RETURN_TYPE = YES_ERROR;
				GCC_WARN_UNDECLARED_SELECTOR = YES;
				GCC_WARN_UNINITIALIZED_AUTOS = YES_AGGRESSIVE;
				GCC_WARN_UNUSED_FUNCTION = YES;
				GCC_WARN_UNUSED_VARIABLE = YES;
				IPHONEOS_DEPLOYMENT_TARGET = 13.6;
				MTL_ENABLE_DEBUG_INFO = INCLUDE_SOURCE;
				MTL_FAST_MATH = YES;
				ONLY_ACTIVE_ARCH = YES;
				SDKROOT = iphoneos;
				SWIFT_ACTIVE_COMPILATION_CONDITIONS = DEBUG;
				SWIFT_OPTIMIZATION_LEVEL = "-Onone";
			};
			name = Debug;
		};
		977BD0572501CB3700606718 /* Release */ = {
			isa = XCBuildConfiguration;
			buildSettings = {
				ALWAYS_SEARCH_USER_PATHS = NO;
				CLANG_ANALYZER_NONNULL = YES;
				CLANG_ANALYZER_NUMBER_OBJECT_CONVERSION = YES_AGGRESSIVE;
				CLANG_CXX_LANGUAGE_STANDARD = "gnu++14";
				CLANG_CXX_LIBRARY = "libc++";
				CLANG_ENABLE_MODULES = YES;
				CLANG_ENABLE_OBJC_ARC = YES;
				CLANG_ENABLE_OBJC_WEAK = YES;
				CLANG_WARN_BLOCK_CAPTURE_AUTORELEASING = YES;
				CLANG_WARN_BOOL_CONVERSION = YES;
				CLANG_WARN_COMMA = YES;
				CLANG_WARN_CONSTANT_CONVERSION = YES;
				CLANG_WARN_DEPRECATED_OBJC_IMPLEMENTATIONS = YES;
				CLANG_WARN_DIRECT_OBJC_ISA_USAGE = YES_ERROR;
				CLANG_WARN_DOCUMENTATION_COMMENTS = YES;
				CLANG_WARN_EMPTY_BODY = YES;
				CLANG_WARN_ENUM_CONVERSION = YES;
				CLANG_WARN_INFINITE_RECURSION = YES;
				CLANG_WARN_INT_CONVERSION = YES;
				CLANG_WARN_NON_LITERAL_NULL_CONVERSION = YES;
				CLANG_WARN_OBJC_IMPLICIT_RETAIN_SELF = YES;
				CLANG_WARN_OBJC_LITERAL_CONVERSION = YES;
				CLANG_WARN_OBJC_ROOT_CLASS = YES_ERROR;
				CLANG_WARN_RANGE_LOOP_ANALYSIS = YES;
				CLANG_WARN_STRICT_PROTOTYPES = YES;
				CLANG_WARN_SUSPICIOUS_MOVE = YES;
				CLANG_WARN_UNGUARDED_AVAILABILITY = YES_AGGRESSIVE;
				CLANG_WARN_UNREACHABLE_CODE = YES;
				CLANG_WARN__DUPLICATE_METHOD_MATCH = YES;
				COPY_PHASE_STRIP = NO;
				DEBUG_INFORMATION_FORMAT = "dwarf-with-dsym";
				ENABLE_NS_ASSERTIONS = NO;
				ENABLE_STRICT_OBJC_MSGSEND = YES;
				GCC_C_LANGUAGE_STANDARD = gnu11;
				GCC_NO_COMMON_BLOCKS = YES;
				GCC_WARN_64_TO_32_BIT_CONVERSION = YES;
				GCC_WARN_ABOUT_RETURN_TYPE = YES_ERROR;
				GCC_WARN_UNDECLARED_SELECTOR = YES;
				GCC_WARN_UNINITIALIZED_AUTOS = YES_AGGRESSIVE;
				GCC_WARN_UNUSED_FUNCTION = YES;
				GCC_WARN_UNUSED_VARIABLE = YES;
				IPHONEOS_DEPLOYMENT_TARGET = 13.6;
				MTL_ENABLE_DEBUG_INFO = NO;
				MTL_FAST_MATH = YES;
				SDKROOT = iphoneos;
				SWIFT_COMPILATION_MODE = wholemodule;
				SWIFT_OPTIMIZATION_LEVEL = "-O";
				VALIDATE_PRODUCT = YES;
			};
			name = Release;
		};
		977BD0592501CB3700606718 /* Debug */ = {
			isa = XCBuildConfiguration;
			baseConfigurationReference = 31F240CE9AD653612381DFBB /* Pods-Artspace2.0.debug.xcconfig */;
			buildSettings = {
				ASSETCATALOG_COMPILER_APPICON_NAME = AppIcon;
				CODE_SIGN_STYLE = Automatic;
				INFOPLIST_FILE = Artspace2.0/Info.plist;
				IPHONEOS_DEPLOYMENT_TARGET = 13.0;
				LD_RUNPATH_SEARCH_PATHS = (
					"$(inherited)",
					"@executable_path/Frameworks",
				);
				PRODUCT_BUNDLE_IDENTIFIER = "Artspace.Artspace2-0";
				PRODUCT_NAME = "$(TARGET_NAME)";
				SWIFT_VERSION = 5.0;
				TARGETED_DEVICE_FAMILY = "1,2";
			};
			name = Debug;
		};
		977BD05A2501CB3700606718 /* Release */ = {
			isa = XCBuildConfiguration;
			baseConfigurationReference = 583C297EC3CA664D207B01FB /* Pods-Artspace2.0.release.xcconfig */;
			buildSettings = {
				ASSETCATALOG_COMPILER_APPICON_NAME = AppIcon;
				CODE_SIGN_STYLE = Automatic;
				INFOPLIST_FILE = Artspace2.0/Info.plist;
				IPHONEOS_DEPLOYMENT_TARGET = 13.0;
				LD_RUNPATH_SEARCH_PATHS = (
					"$(inherited)",
					"@executable_path/Frameworks",
				);
				PRODUCT_BUNDLE_IDENTIFIER = "Artspace.Artspace2-0";
				PRODUCT_NAME = "$(TARGET_NAME)";
				SWIFT_VERSION = 5.0;
				TARGETED_DEVICE_FAMILY = "1,2";
			};
			name = Release;
		};
		977BD05C2501CB3700606718 /* Debug */ = {
			isa = XCBuildConfiguration;
			baseConfigurationReference = FEC36722D333C457C94B0E2D /* Pods-Artspace2.0Tests.debug.xcconfig */;
			buildSettings = {
				ALWAYS_EMBED_SWIFT_STANDARD_LIBRARIES = YES;
				BUNDLE_LOADER = "$(TEST_HOST)";
				CODE_SIGN_STYLE = Automatic;
				INFOPLIST_FILE = Artspace2.0Tests/Info.plist;
				IPHONEOS_DEPLOYMENT_TARGET = 13.6;
				LD_RUNPATH_SEARCH_PATHS = (
					"$(inherited)",
					"@executable_path/Frameworks",
					"@loader_path/Frameworks",
				);
				PRODUCT_BUNDLE_IDENTIFIER = "Artspace.Artspace2-0Tests";
				PRODUCT_NAME = "$(TARGET_NAME)";
				SWIFT_VERSION = 5.0;
				TARGETED_DEVICE_FAMILY = "1,2";
				TEST_HOST = "$(BUILT_PRODUCTS_DIR)/Artspace2.0.app/Artspace2.0";
			};
			name = Debug;
		};
		977BD05D2501CB3700606718 /* Release */ = {
			isa = XCBuildConfiguration;
			baseConfigurationReference = 214104C7D16039A9A2D91BB0 /* Pods-Artspace2.0Tests.release.xcconfig */;
			buildSettings = {
				ALWAYS_EMBED_SWIFT_STANDARD_LIBRARIES = YES;
				BUNDLE_LOADER = "$(TEST_HOST)";
				CODE_SIGN_STYLE = Automatic;
				INFOPLIST_FILE = Artspace2.0Tests/Info.plist;
				IPHONEOS_DEPLOYMENT_TARGET = 13.6;
				LD_RUNPATH_SEARCH_PATHS = (
					"$(inherited)",
					"@executable_path/Frameworks",
					"@loader_path/Frameworks",
				);
				PRODUCT_BUNDLE_IDENTIFIER = "Artspace.Artspace2-0Tests";
				PRODUCT_NAME = "$(TARGET_NAME)";
				SWIFT_VERSION = 5.0;
				TARGETED_DEVICE_FAMILY = "1,2";
				TEST_HOST = "$(BUILT_PRODUCTS_DIR)/Artspace2.0.app/Artspace2.0";
			};
			name = Release;
		};
/* End XCBuildConfiguration section */

/* Begin XCConfigurationList section */
		977BD0342501CB3200606718 /* Build configuration list for PBXProject "Artspace2.0" */ = {
			isa = XCConfigurationList;
			buildConfigurations = (
				977BD0562501CB3700606718 /* Debug */,
				977BD0572501CB3700606718 /* Release */,
			);
			defaultConfigurationIsVisible = 0;
			defaultConfigurationName = Release;
		};
		977BD0582501CB3700606718 /* Build configuration list for PBXNativeTarget "Artspace2.0" */ = {
			isa = XCConfigurationList;
			buildConfigurations = (
				977BD0592501CB3700606718 /* Debug */,
				977BD05A2501CB3700606718 /* Release */,
			);
			defaultConfigurationIsVisible = 0;
			defaultConfigurationName = Release;
		};
		977BD05B2501CB3700606718 /* Build configuration list for PBXNativeTarget "Artspace2.0Tests" */ = {
			isa = XCConfigurationList;
			buildConfigurations = (
				977BD05C2501CB3700606718 /* Debug */,
				977BD05D2501CB3700606718 /* Release */,
			);
			defaultConfigurationIsVisible = 0;
			defaultConfigurationName = Release;
		};
/* End XCConfigurationList section */
	};
	rootObject = 977BD0312501CB3200606718 /* Project object */;
}
